
Microsoft Visual Studio Solution File, Format Version 12.00
# Visual Studio Version 16
VisualStudioVersion = 16.0.29926.136
MinimumVisualStudioVersion = 10.0.40219.1
Project("{2150E333-8FDC-42A3-9474-1A3956D46DE8}") = "Services", "Services", "{03C222AC-357A-4C66-98D9-4BA560850588}"
EndProject
Project("{2150E333-8FDC-42A3-9474-1A3956D46DE8}") = "Web Apps", "Web Apps", "{373A894A-40C3-47AA-B590-95A1B850D0C7}"
EndProject
Project("{2150E333-8FDC-42A3-9474-1A3956D46DE8}") = "Identity", "Identity", "{849FDC1B-134D-4FCC-B65F-394B375872AD}"
EndProject
Project("{9A19103F-16F7-4668-BE54-9A1E7A4F7556}") = "Identity.API", "Services\Identity\Identity.API\Identity.API.csproj", "{B579FEC1-1B57-4F3E-9119-97D1B788DE36}"
EndProject
Project("{9A19103F-16F7-4668-BE54-9A1E7A4F7556}") = "Identity.Tests", "Services\Identity\Identity.Tests\Identity.Tests.csproj", "{53343C13-0D8B-4697-80A2-EA0E38EBEB0F}"
EndProject
Project("{9A19103F-16F7-4668-BE54-9A1E7A4F7556}") = "MVC.UI", "Web\MVC\MVC.UI\MVC.UI.csproj", "{17CF6F02-C4E8-4B9D-AB34-B4AC71A8D890}"
EndProject
Project("{9A19103F-16F7-4668-BE54-9A1E7A4F7556}") = "MVC.Tests", "Web\MVC\MVC.Tests\MVC.Tests.csproj", "{2DC001D5-2DAA-4935-80CF-778D56314CFF}"
EndProject
Project("{9A19103F-16F7-4668-BE54-9A1E7A4F7556}") = "Cache.Core", "Core\Cache\Cache.Core\Cache.Core.csproj", "{28EE3136-0826-41C5-BCF6-FE9AD70901E5}"
EndProject
Project("{2150E333-8FDC-42A3-9474-1A3956D46DE8}") = "Core", "Core", "{2EDFDD21-73C8-4F02-9B75-537057D6D63B}"
EndProject
Project("{2150E333-8FDC-42A3-9474-1A3956D46DE8}") = "Cache", "Cache", "{517526A7-49C9-4149-8824-1F59C55B7894}"
EndProject
Project("{9A19103F-16F7-4668-BE54-9A1E7A4F7556}") = "Cache.Tests", "Core\Cache\Cache.Tests\Cache.Tests.csproj", "{AEB5733B-C247-4463-96C6-DAD4E741EAD7}"
EndProject
Project("{9A19103F-16F7-4668-BE54-9A1E7A4F7556}") = "Forecast.API", "Services\Forecast\Forecast.API\Forecast.API.csproj", "{A709874B-4038-445E-B3F3-1A12FCA8D8FC}"
EndProject
Project("{2150E333-8FDC-42A3-9474-1A3956D46DE8}") = "Forecast", "Forecast", "{AFE18818-6BC6-431D-A1A2-AE402B4EAA7E}"
EndProject
Project("{2150E333-8FDC-42A3-9474-1A3956D46DE8}") = "MVC", "MVC", "{0250B492-ACE7-4BD7-9B1F-3C0F169EECF8}"
EndProject
Global
	GlobalSection(SolutionConfigurationPlatforms) = preSolution
		Debug|Any CPU = Debug|Any CPU
		Release|Any CPU = Release|Any CPU
	EndGlobalSection
	GlobalSection(ProjectConfigurationPlatforms) = postSolution
		{B579FEC1-1B57-4F3E-9119-97D1B788DE36}.Debug|Any CPU.ActiveCfg = Debug|Any CPU
		{B579FEC1-1B57-4F3E-9119-97D1B788DE36}.Debug|Any CPU.Build.0 = Debug|Any CPU
		{B579FEC1-1B57-4F3E-9119-97D1B788DE36}.Release|Any CPU.ActiveCfg = Release|Any CPU
		{B579FEC1-1B57-4F3E-9119-97D1B788DE36}.Release|Any CPU.Build.0 = Release|Any CPU
		{53343C13-0D8B-4697-80A2-EA0E38EBEB0F}.Debug|Any CPU.ActiveCfg = Debug|Any CPU
		{53343C13-0D8B-4697-80A2-EA0E38EBEB0F}.Debug|Any CPU.Build.0 = Debug|Any CPU
		{53343C13-0D8B-4697-80A2-EA0E38EBEB0F}.Release|Any CPU.ActiveCfg = Release|Any CPU
		{53343C13-0D8B-4697-80A2-EA0E38EBEB0F}.Release|Any CPU.Build.0 = Release|Any CPU
		{17CF6F02-C4E8-4B9D-AB34-B4AC71A8D890}.Debug|Any CPU.ActiveCfg = Debug|Any CPU
		{17CF6F02-C4E8-4B9D-AB34-B4AC71A8D890}.Debug|Any CPU.Build.0 = Debug|Any CPU
		{17CF6F02-C4E8-4B9D-AB34-B4AC71A8D890}.Release|Any CPU.ActiveCfg = Release|Any CPU
		{17CF6F02-C4E8-4B9D-AB34-B4AC71A8D890}.Release|Any CPU.Build.0 = Release|Any CPU
		{2DC001D5-2DAA-4935-80CF-778D56314CFF}.Debug|Any CPU.ActiveCfg = Debug|Any CPU
		{2DC001D5-2DAA-4935-80CF-778D56314CFF}.Debug|Any CPU.Build.0 = Debug|Any CPU
		{2DC001D5-2DAA-4935-80CF-778D56314CFF}.Release|Any CPU.ActiveCfg = Release|Any CPU
		{2DC001D5-2DAA-4935-80CF-778D56314CFF}.Release|Any CPU.Build.0 = Release|Any CPU
		{28EE3136-0826-41C5-BCF6-FE9AD70901E5}.Debug|Any CPU.ActiveCfg = Debug|Any CPU
		{28EE3136-0826-41C5-BCF6-FE9AD70901E5}.Debug|Any CPU.Build.0 = Debug|Any CPU
		{28EE3136-0826-41C5-BCF6-FE9AD70901E5}.Release|Any CPU.ActiveCfg = Release|Any CPU
		{28EE3136-0826-41C5-BCF6-FE9AD70901E5}.Release|Any CPU.Build.0 = Release|Any CPU
		{AEB5733B-C247-4463-96C6-DAD4E741EAD7}.Debug|Any CPU.ActiveCfg = Debug|Any CPU
		{AEB5733B-C247-4463-96C6-DAD4E741EAD7}.Debug|Any CPU.Build.0 = Debug|Any CPU
		{AEB5733B-C247-4463-96C6-DAD4E741EAD7}.Release|Any CPU.ActiveCfg = Release|Any CPU
		{AEB5733B-C247-4463-96C6-DAD4E741EAD7}.Release|Any CPU.Build.0 = Release|Any CPU
		{A709874B-4038-445E-B3F3-1A12FCA8D8FC}.Debug|Any CPU.ActiveCfg = Debug|Any CPU
		{A709874B-4038-445E-B3F3-1A12FCA8D8FC}.Debug|Any CPU.Build.0 = Debug|Any CPU
		{A709874B-4038-445E-B3F3-1A12FCA8D8FC}.Release|Any CPU.ActiveCfg = Release|Any CPU
		{A709874B-4038-445E-B3F3-1A12FCA8D8FC}.Release|Any CPU.Build.0 = Release|Any CPU
	EndGlobalSection
	GlobalSection(SolutionProperties) = preSolution
		HideSolutionNode = FALSE
	EndGlobalSection
	GlobalSection(NestedProjects) = preSolution
		{849FDC1B-134D-4FCC-B65F-394B375872AD} = {03C222AC-357A-4C66-98D9-4BA560850588}
		{B579FEC1-1B57-4F3E-9119-97D1B788DE36} = {849FDC1B-134D-4FCC-B65F-394B375872AD}
		{53343C13-0D8B-4697-80A2-EA0E38EBEB0F} = {849FDC1B-134D-4FCC-B65F-394B375872AD}
		{17CF6F02-C4E8-4B9D-AB34-B4AC71A8D890} = {0250B492-ACE7-4BD7-9B1F-3C0F169EECF8}
		{2DC001D5-2DAA-4935-80CF-778D56314CFF} = {0250B492-ACE7-4BD7-9B1F-3C0F169EECF8}
		{28EE3136-0826-41C5-BCF6-FE9AD70901E5} = {517526A7-49C9-4149-8824-1F59C55B7894}
		{517526A7-49C9-4149-8824-1F59C55B7894} = {2EDFDD21-73C8-4F02-9B75-537057D6D63B}
		{AEB5733B-C247-4463-96C6-DAD4E741EAD7} = {517526A7-49C9-4149-8824-1F59C55B7894}
		{A709874B-4038-445E-B3F3-1A12FCA8D8FC} = {AFE18818-6BC6-431D-A1A2-AE402B4EAA7E}
		{AFE18818-6BC6-431D-A1A2-AE402B4EAA7E} = {03C222AC-357A-4C66-98D9-4BA560850588}
		{0250B492-ACE7-4BD7-9B1F-3C0F169EECF8} = {373A894A-40C3-47AA-B590-95A1B850D0C7}
	EndGlobalSection
	GlobalSection(ExtensibilityGlobals) = postSolution
		SolutionGuid = {BDDC324E-BCF7-4074-9788-0C9FBE05B9D1}
	EndGlobalSection
EndGlobal
